{
  "requires": true,
  "lockfileVersion": 1,
  "dependencies": {
    "angular-sanitize": {
      "version": "1.7.4",
      "resolved": "https://registry.npmjs.org/angular-sanitize/-/angular-sanitize-1.7.4.tgz",
      "integrity": "sha512-i5NoK6lo21N/CDRtkXpUuqaXeyncP7icLNCGzCUCD6CQvfVh3nY9Nsiw+tHtiIeD34ppcbl5Wb6ihY7RKDoDVw=="
    }
  }
}
